
Microsoft Visual Studio Solution File, Format Version 12.00
# Visual Studio 15
VisualStudioVersion = 15.0.28010.2048
MinimumVisualStudioVersion = 10.0.40219.1
Project("{FAE04EC0-301F-11D3-BF4B-00C04F79EFBC}") = "KartSkills", "KartSkills\KartSkills.csproj", "{EE1EF48E-CCCD-413E-AA91-201C3837E8DD}"
EndProject
Global
	GlobalSection(SolutionConfigurationPlatforms) = preSolution
		Debug|Any CPU = Debug|Any CPU
		Release|Any CPU = Release|Any CPU
	EndGlobalSection
	GlobalSection(ProjectConfigurationPlatforms) = postSolution
		{EE1EF48E-CCCD-413E-AA91-201C3837E8DD}.Debug|Any CPU.ActiveCfg = Debug|Any CPU
		{EE1EF48E-CCCD-413E-AA91-201C3837E8DD}.Debug|Any CPU.Build.0 = Debug|Any CPU
		{EE1EF48E-CCCD-413E-AA91-201C3837E8DD}.Release|Any CPU.ActiveCfg = Release|Any CPU
		{EE1EF48E-CCCD-413E-AA91-201C3837E8DD}.Release|Any CPU.Build.0 = Release|Any CPU
	EndGlobalSection
	GlobalSection(SolutionProperties) = preSolution
		HideSolutionNode = FALSE
	EndGlobalSection
	GlobalSection(ExtensibilityGlobals) = postSolution
		SolutionGuid = {CE1278D2-A71E-4D2F-8EBC-1FE52711001D}
	EndGlobalSection
EndGlobal
